
Microsoft Visual Studio Solution File, Format Version 12.00
# Visual Studio 15
VisualStudioVersion = 15.0.27703.2035
MinimumVisualStudioVersion = 10.0.40219.1
Project("{FAE04EC0-301F-11D3-BF4B-00C04F79EFBC}") = "RegexGenerator", "RegexGenerator\RegexGenerator.csproj", "{A3B83C17-AAB0-4A47-B2C7-9C18F9B9F2C1}"
EndProject
Project("{FAE04EC0-301F-11D3-BF4B-00C04F79EFBC}") = "RegexGenerator.Tests", "RegexGenerator.Tests\RegexGenerator.Tests.csproj", "{9E22BB8C-86DD-442F-A33F-3ADED51D2165}"
EndProject
Global
	GlobalSection(SolutionConfigurationPlatforms) = preSolution
		Debug|Any CPU = Debug|Any CPU
		Release|Any CPU = Release|Any CPU
	EndGlobalSection
	GlobalSection(ProjectConfigurationPlatforms) = postSolution
		{A3B83C17-AAB0-4A47-B2C7-9C18F9B9F2C1}.Debug|Any CPU.ActiveCfg = Debug|Any CPU
		{A3B83C17-AAB0-4A47-B2C7-9C18F9B9F2C1}.Debug|Any CPU.Build.0 = Debug|Any CPU
		{A3B83C17-AAB0-4A47-B2C7-9C18F9B9F2C1}.Release|Any CPU.ActiveCfg = Release|Any CPU
		{A3B83C17-AAB0-4A47-B2C7-9C18F9B9F2C1}.Release|Any CPU.Build.0 = Release|Any CPU
		{9E22BB8C-86DD-442F-A33F-3ADED51D2165}.Debug|Any CPU.ActiveCfg = Debug|Any CPU
		{9E22BB8C-86DD-442F-A33F-3ADED51D2165}.Debug|Any CPU.Build.0 = Debug|Any CPU
		{9E22BB8C-86DD-442F-A33F-3ADED51D2165}.Release|Any CPU.ActiveCfg = Release|Any CPU
		{9E22BB8C-86DD-442F-A33F-3ADED51D2165}.Release|Any CPU.Build.0 = Release|Any CPU
	EndGlobalSection
	GlobalSection(SolutionProperties) = preSolution
		HideSolutionNode = FALSE
	EndGlobalSection
	GlobalSection(ExtensibilityGlobals) = postSolution
		SolutionGuid = {75C38D04-36CA-4B63-8F87-6F7A41CF11F6}
	EndGlobalSection
EndGlobal
